{
    "_meta": {
        "hash": {
            "sha256": "31387830e71d88d296fc57ada7efce9a7c2eb004fb64d59200fd9229eea6ed96"
        },
        "pipfile-spec": 6,
        "requires": {
            "python_version": "3.6"
        },
        "sources": [
            {
                "name": "pypi",
                "url": "https://pypi.org/simple",
                "verify_ssl": true
            }
        ]
    },
    "default": {
        "ariadne": {
            "hashes": [
                "sha256:0254de02664139e25acd3f7939d072cdcb49ac9c0bbbad71f5bf4b9d4a963d3c",
                "sha256:e916a50cef728d578f5401a5a5d7175e63fc2ae3c10291e09b8d1898c0b9603e"
            ],
            "index": "pypi",
            "version": "==0.10.0"
        },
        "graphql-core": {
            "hashes": [
                "sha256:31e9e62967cc3cb1afc0d4752e2576633adebbdcb14b4c62b9055413c239a48d",
                "sha256:e586db99173ffbfbc520a468246c2e1af83267f01ae6ee8a0ed9112453fa3a32"
            ],
            "version": "==3.0.3"
        },
        "starlette": {
            "hashes": [
                "sha256:6169ee78ded501095d1dda7b141a1dc9f9934d37ad23196e180150ace2c6449b",
                "sha256:a9bb130fa7aa736eda8a814b6ceb85ccf7a209ed53843d0d61e246b380afa10f"
            ],
            "version": "==0.13.2"
        },
        "typing-extensions": {
            "hashes": [
                "sha256:091ecc894d5e908ac75209f10d5b4f118fbdb2eb1ede6a63544054bb1edb41f2",
                "sha256:910f4656f54de5993ad9304959ce9bb903f90aadc7c67a0bef07e678014e892d",
                "sha256:cf8b63fedea4d89bab840ecbb93e75578af28f76f66c35889bd7065f5af88575"
            ],
            "version": "==3.7.4.1"
        }
    },
    "develop": {}
}
